
Microsoft Visual Studio Solution File, Format Version 12.00
# Visual Studio Version 16
VisualStudioVersion = 16.0.30503.244
MinimumVisualStudioVersion = 10.0.40219.1
Project("{FAE04EC0-301F-11D3-BF4B-00C04F79EFBC}") = "Triangle HW", "Triangle HW\Triangle HW.csproj", "{4F6AC7B4-A6D1-4BC0-8B0E-3D4A61D3648D}"
EndProject
Project("{FAE04EC0-301F-11D3-BF4B-00C04F79EFBC}") = "Shapes", "Shapes\Shapes.csproj", "{F96AF275-0169-4B83-99A8-42558A5E7F7F}"
EndProject
Project("{FAE04EC0-301F-11D3-BF4B-00C04F79EFBC}") = "Ex6", "Ex6\Ex6.csproj", "{64B9C930-5BAF-4CD6-9854-8D53249F2CFD}"
EndProject
Global
	GlobalSection(SolutionConfigurationPlatforms) = preSolution
		Debug|Any CPU = Debug|Any CPU
		Release|Any CPU = Release|Any CPU
	EndGlobalSection
	GlobalSection(ProjectConfigurationPlatforms) = postSolution
		{4F6AC7B4-A6D1-4BC0-8B0E-3D4A61D3648D}.Debug|Any CPU.ActiveCfg = Debug|Any CPU
		{4F6AC7B4-A6D1-4BC0-8B0E-3D4A61D3648D}.Debug|Any CPU.Build.0 = Debug|Any CPU
		{4F6AC7B4-A6D1-4BC0-8B0E-3D4A61D3648D}.Release|Any CPU.ActiveCfg = Release|Any CPU
		{4F6AC7B4-A6D1-4BC0-8B0E-3D4A61D3648D}.Release|Any CPU.Build.0 = Release|Any CPU
		{F96AF275-0169-4B83-99A8-42558A5E7F7F}.Debug|Any CPU.ActiveCfg = Debug|Any CPU
		{F96AF275-0169-4B83-99A8-42558A5E7F7F}.Debug|Any CPU.Build.0 = Debug|Any CPU
		{F96AF275-0169-4B83-99A8-42558A5E7F7F}.Release|Any CPU.ActiveCfg = Release|Any CPU
		{F96AF275-0169-4B83-99A8-42558A5E7F7F}.Release|Any CPU.Build.0 = Release|Any CPU
		{64B9C930-5BAF-4CD6-9854-8D53249F2CFD}.Debug|Any CPU.ActiveCfg = Debug|Any CPU
		{64B9C930-5BAF-4CD6-9854-8D53249F2CFD}.Debug|Any CPU.Build.0 = Debug|Any CPU
		{64B9C930-5BAF-4CD6-9854-8D53249F2CFD}.Release|Any CPU.ActiveCfg = Release|Any CPU
		{64B9C930-5BAF-4CD6-9854-8D53249F2CFD}.Release|Any CPU.Build.0 = Release|Any CPU
	EndGlobalSection
	GlobalSection(SolutionProperties) = preSolution
		HideSolutionNode = FALSE
	EndGlobalSection
	GlobalSection(ExtensibilityGlobals) = postSolution
		SolutionGuid = {326DA6DB-6A5A-4668-935D-C64D003A961A}
	EndGlobalSection
EndGlobal
